
Microsoft Visual Studio Solution File, Format Version 12.00
# Visual Studio Version 16
VisualStudioVersion = 16.0.29911.84
MinimumVisualStudioVersion = 10.0.40219.1
Project("{FAE04EC0-301F-11D3-BF4B-00C04F79EFBC}") = "ArcWallet.Android", "ArcWallet.Android\ArcWallet.Android.csproj", "{F7C67EF0-F0E5-4845-BB54-FD7DE176BF4A}"
EndProject
Project("{FAE04EC0-301F-11D3-BF4B-00C04F79EFBC}") = "ArcWallet.iOS", "ArcWallet.iOS\ArcWallet.iOS.csproj", "{F95D9EB0-62E3-4703-B7C3-7F9FFD01D36D}"
EndProject
Project("{FAE04EC0-301F-11D3-BF4B-00C04F79EFBC}") = "ArcWallet", "ArcWallet\ArcWallet.csproj", "{8ACBCD66-9B6A-456A-8CA3-4B7C4806E087}"
EndProject
Global
	GlobalSection(SolutionConfigurationPlatforms) = preSolution
		Debug|Any CPU = Debug|Any CPU
		Debug|iPhone = Debug|iPhone
		Debug|iPhoneSimulator = Debug|iPhoneSimulator
		Release|Any CPU = Release|Any CPU
		Release|iPhone = Release|iPhone
		Release|iPhoneSimulator = Release|iPhoneSimulator
	EndGlobalSection
	GlobalSection(ProjectConfigurationPlatforms) = postSolution
		{F7C67EF0-F0E5-4845-BB54-FD7DE176BF4A}.Debug|Any CPU.ActiveCfg = Debug|Any CPU
		{F7C67EF0-F0E5-4845-BB54-FD7DE176BF4A}.Debug|Any CPU.Build.0 = Debug|Any CPU
		{F7C67EF0-F0E5-4845-BB54-FD7DE176BF4A}.Debug|Any CPU.Deploy.0 = Debug|Any CPU
		{F7C67EF0-F0E5-4845-BB54-FD7DE176BF4A}.Debug|iPhone.ActiveCfg = Debug|Any CPU
		{F7C67EF0-F0E5-4845-BB54-FD7DE176BF4A}.Debug|iPhone.Build.0 = Debug|Any CPU
		{F7C67EF0-F0E5-4845-BB54-FD7DE176BF4A}.Debug|iPhone.Deploy.0 = Debug|Any CPU
		{F7C67EF0-F0E5-4845-BB54-FD7DE176BF4A}.Debug|iPhoneSimulator.ActiveCfg = Debug|Any CPU
		{F7C67EF0-F0E5-4845-BB54-FD7DE176BF4A}.Debug|iPhoneSimulator.Build.0 = Debug|Any CPU
		{F7C67EF0-F0E5-4845-BB54-FD7DE176BF4A}.Debug|iPhoneSimulator.Deploy.0 = Debug|Any CPU
		{F7C67EF0-F0E5-4845-BB54-FD7DE176BF4A}.Release|Any CPU.ActiveCfg = Release|Any CPU
		{F7C67EF0-F0E5-4845-BB54-FD7DE176BF4A}.Release|Any CPU.Build.0 = Release|Any CPU
		{F7C67EF0-F0E5-4845-BB54-FD7DE176BF4A}.Release|Any CPU.Deploy.0 = Release|Any CPU
		{F7C67EF0-F0E5-4845-BB54-FD7DE176BF4A}.Release|iPhone.ActiveCfg = Release|Any CPU
		{F7C67EF0-F0E5-4845-BB54-FD7DE176BF4A}.Release|iPhone.Build.0 = Release|Any CPU
		{F7C67EF0-F0E5-4845-BB54-FD7DE176BF4A}.Release|iPhone.Deploy.0 = Release|Any CPU
		{F7C67EF0-F0E5-4845-BB54-FD7DE176BF4A}.Release|iPhoneSimulator.ActiveCfg = Release|Any CPU
		{F7C67EF0-F0E5-4845-BB54-FD7DE176BF4A}.Release|iPhoneSimulator.Build.0 = Release|Any CPU
		{F7C67EF0-F0E5-4845-BB54-FD7DE176BF4A}.Release|iPhoneSimulator.Deploy.0 = Release|Any CPU
		{F95D9EB0-62E3-4703-B7C3-7F9FFD01D36D}.Debug|Any CPU.ActiveCfg = Debug|iPhone
		{F95D9EB0-62E3-4703-B7C3-7F9FFD01D36D}.Debug|Any CPU.Build.0 = Debug|iPhone
		{F95D9EB0-62E3-4703-B7C3-7F9FFD01D36D}.Debug|Any CPU.Deploy.0 = Debug|iPhone
		{F95D9EB0-62E3-4703-B7C3-7F9FFD01D36D}.Debug|iPhone.ActiveCfg = Debug|iPhone
		{F95D9EB0-62E3-4703-B7C3-7F9FFD01D36D}.Debug|iPhone.Build.0 = Debug|iPhone
		{F95D9EB0-62E3-4703-B7C3-7F9FFD01D36D}.Debug|iPhone.Deploy.0 = Debug|iPhone
		{F95D9EB0-62E3-4703-B7C3-7F9FFD01D36D}.Debug|iPhoneSimulator.ActiveCfg = Debug|iPhoneSimulator
		{F95D9EB0-62E3-4703-B7C3-7F9FFD01D36D}.Debug|iPhoneSimulator.Build.0 = Debug|iPhoneSimulator
		{F95D9EB0-62E3-4703-B7C3-7F9FFD01D36D}.Debug|iPhoneSimulator.Deploy.0 = Debug|iPhoneSimulator
		{F95D9EB0-62E3-4703-B7C3-7F9FFD01D36D}.Release|Any CPU.ActiveCfg = Release|iPhone
		{F95D9EB0-62E3-4703-B7C3-7F9FFD01D36D}.Release|Any CPU.Build.0 = Release|iPhone
		{F95D9EB0-62E3-4703-B7C3-7F9FFD01D36D}.Release|Any CPU.Deploy.0 = Release|iPhone
		{F95D9EB0-62E3-4703-B7C3-7F9FFD01D36D}.Release|iPhone.ActiveCfg = Release|iPhone
		{F95D9EB0-62E3-4703-B7C3-7F9FFD01D36D}.Release|iPhone.Build.0 = Release|iPhone
		{F95D9EB0-62E3-4703-B7C3-7F9FFD01D36D}.Release|iPhone.Deploy.0 = Release|iPhone
		{F95D9EB0-62E3-4703-B7C3-7F9FFD01D36D}.Release|iPhoneSimulator.ActiveCfg = Release|iPhoneSimulator
		{F95D9EB0-62E3-4703-B7C3-7F9FFD01D36D}.Release|iPhoneSimulator.Build.0 = Release|iPhoneSimulator
		{F95D9EB0-62E3-4703-B7C3-7F9FFD01D36D}.Release|iPhoneSimulator.Deploy.0 = Release|iPhoneSimulator
		{8ACBCD66-9B6A-456A-8CA3-4B7C4806E087}.Debug|Any CPU.ActiveCfg = Debug|Any CPU
		{8ACBCD66-9B6A-456A-8CA3-4B7C4806E087}.Debug|Any CPU.Build.0 = Debug|Any CPU
		{8ACBCD66-9B6A-456A-8CA3-4B7C4806E087}.Debug|Any CPU.Deploy.0 = Debug|Any CPU
		{8ACBCD66-9B6A-456A-8CA3-4B7C4806E087}.Debug|iPhone.ActiveCfg = Debug|Any CPU
		{8ACBCD66-9B6A-456A-8CA3-4B7C4806E087}.Debug|iPhone.Build.0 = Debug|Any CPU
		{8ACBCD66-9B6A-456A-8CA3-4B7C4806E087}.Debug|iPhone.Deploy.0 = Debug|Any CPU
		{8ACBCD66-9B6A-456A-8CA3-4B7C4806E087}.Debug|iPhoneSimulator.ActiveCfg = Debug|Any CPU
		{8ACBCD66-9B6A-456A-8CA3-4B7C4806E087}.Debug|iPhoneSimulator.Build.0 = Debug|Any CPU
		{8ACBCD66-9B6A-456A-8CA3-4B7C4806E087}.Debug|iPhoneSimulator.Deploy.0 = Debug|Any CPU
		{8ACBCD66-9B6A-456A-8CA3-4B7C4806E087}.Release|Any CPU.ActiveCfg = Release|Any CPU
		{8ACBCD66-9B6A-456A-8CA3-4B7C4806E087}.Release|Any CPU.Build.0 = Release|Any CPU
		{8ACBCD66-9B6A-456A-8CA3-4B7C4806E087}.Release|Any CPU.Deploy.0 = Release|Any CPU
		{8ACBCD66-9B6A-456A-8CA3-4B7C4806E087}.Release|iPhone.ActiveCfg = Release|Any CPU
		{8ACBCD66-9B6A-456A-8CA3-4B7C4806E087}.Release|iPhone.Build.0 = Release|Any CPU
		{8ACBCD66-9B6A-456A-8CA3-4B7C4806E087}.Release|iPhone.Deploy.0 = Release|Any CPU
		{8ACBCD66-9B6A-456A-8CA3-4B7C4806E087}.Release|iPhoneSimulator.ActiveCfg = Release|Any CPU
		{8ACBCD66-9B6A-456A-8CA3-4B7C4806E087}.Release|iPhoneSimulator.Build.0 = Release|Any CPU
		{8ACBCD66-9B6A-456A-8CA3-4B7C4806E087}.Release|iPhoneSimulator.Deploy.0 = Release|Any CPU
	EndGlobalSection
	GlobalSection(SolutionProperties) = preSolution
		HideSolutionNode = FALSE
	EndGlobalSection
	GlobalSection(ExtensibilityGlobals) = postSolution
		SolutionGuid = {857A7F87-AA8B-44D7-9C66-031CCA66B53B}
	EndGlobalSection
EndGlobal
